
Microsoft Visual Studio Solution File, Format Version 12.00
# Visual Studio 15
VisualStudioVersion = 15.0.28307.489
MinimumVisualStudioVersion = 15.0.26124.0
Project("{2150E333-8FDC-42A3-9474-1A3956D46DE8}") = "src", "src", "{2B8F5B3A-0391-4B72-9BAB-E4665FBCB58B}"
EndProject
Project("{2150E333-8FDC-42A3-9474-1A3956D46DE8}") = "client", "client", "{4B3F47B6-B7EF-4D5B-A9C4-C436F050961F}"
EndProject
Project("{2150E333-8FDC-42A3-9474-1A3956D46DE8}") = "server", "server", "{3F4A61AF-78D0-45EB-904D-B1F8DDC8D985}"
EndProject
Project("{6EC3EE1D-3C4E-46DD-8F32-0CC8E7565705}") = "CellScript.Core", "src\server\CellScript.Core\CellScript.Core.fsproj", "{43060B83-00A1-455A-A5BF-3B4DF6A2FBA7}"
EndProject
Project("{2150E333-8FDC-42A3-9474-1A3956D46DE8}") = "tests", "tests", "{44361D00-C795-47B3-98C8-A71CA2BC0E49}"
EndProject
Project("{6EC3EE1D-3C4E-46DD-8F32-0CC8E7565705}") = "CellScript.Client.Tests", "tests\CellScript.Client.Tests\CellScript.Client.Tests.fsproj", "{8C1E0E8D-C142-4C6A-A090-9B3806BA5EF4}"
EndProject
Project("{6EC3EE1D-3C4E-46DD-8F32-0CC8E7565705}") = "CellScript.Core.Tests", "tests\CellScript.Core.Tests\CellScript.Core.Tests.fsproj", "{298D040C-F5BA-45B7-9F4F-EC49FA52AC80}"
EndProject
Project("{6EC3EE1D-3C4E-46DD-8F32-0CC8E7565705}") = "CellScript.Client.Tests.Console", "tests\CellScript.Client.Tests.Console\CellScript.Client.Tests.Console.fsproj", "{2AB7B917-2B41-4AE0-ACCE-9EDA34C7B232}"
EndProject
Project("{2150E333-8FDC-42A3-9474-1A3956D46DE8}") = "outsource", "outsource", "{38C502FC-5C56-4A93-BC1E-FA39F226EFDA}"
EndProject
Project("{9A19103F-16F7-4668-BE54-9A1E7A4F7556}") = "Hyperion", "..\Hyperion\src\Hyperion\Hyperion.csproj", "{8BF12717-2855-4DDE-81D4-1415ED4D0877}"
EndProject
Project("{6EC3EE1D-3C4E-46DD-8F32-0CC8E7565705}") = "CellScript.Server.Fcs", "src\server\CellScript.Server.Fcs\CellScript.Server.Fcs.fsproj", "{10091F53-D3B7-4F06-87D2-8732F591E511}"
EndProject
Project("{6EC3EE1D-3C4E-46DD-8F32-0CC8E7565705}") = "CellScript.Server.Tests", "tests\CellScript.Server.Tests\CellScript.Server.Tests.fsproj", "{7CA97F29-344C-4ACB-B8B1-791089633665}"
EndProject
Project("{9A19103F-16F7-4668-BE54-9A1E7A4F7556}") = "Akka", "..\akka.net\src\core\Akka\Akka.csproj", "{8D927DFC-D258-49D5-9A59-475F4896B894}"
EndProject
Project("{9A19103F-16F7-4668-BE54-9A1E7A4F7556}") = "Akka.Remote", "..\akka.net\src\core\Akka.Remote\Akka.Remote.csproj", "{F1010DB4-4AB2-4850-BF5C-688086AB01F0}"
EndProject
Project("{6EC3EE1D-3C4E-46DD-8F32-0CC8E7565705}") = "CellScript.Client.Core", "src\client\CellScript.Client.Core\CellScript.Client.Core.fsproj", "{D765CB00-2093-4F22-80CD-722A5BB4F116}"
EndProject
Project("{6EC3EE1D-3C4E-46DD-8F32-0CC8E7565705}") = "CellScript.Client.Fcs", "src\client\CellScript.Client.Fcs\CellScript.Client.Fcs.fsproj", "{32965AB5-6F9D-4517-AA6C-935AF36BFCC9}"
EndProject
Project("{6EC3EE1D-3C4E-46DD-8F32-0CC8E7565705}") = "CellScript.Client.Desktop", "src\client\CellScript.Client.Desktop\CellScript.Client.Desktop.fsproj", "{FE16C0B7-B5E2-4307-8906-5AACBFDD47E1}"
EndProject
Project("{9A19103F-16F7-4668-BE54-9A1E7A4F7556}") = "Akka.Persistence", "..\akka.net\src\core\Akka.Persistence\Akka.Persistence.csproj", "{1724E381-7C71-4DFD-B8DB-23086E36B0A9}"
EndProject
Project("{6EC3EE1D-3C4E-46DD-8F32-0CC8E7565705}") = "Akkling.Persistence", "..\Akkling\src\Akkling.Persistence\Akkling.Persistence.fsproj", "{4F98A033-1B8B-42BE-8CE9-E42DA0708D29}"
EndProject
Project("{6EC3EE1D-3C4E-46DD-8F32-0CC8E7565705}") = "Akkling", "..\Akkling\src\Akkling\Akkling.fsproj", "{F59BAA5C-1B75-4456-B491-17CF3601A50C}"
EndProject
Project("{6EC3EE1D-3C4E-46DD-8F32-0CC8E7565705}") = "Akkling.Streams", "..\Akkling\src\Akkling.Streams\Akkling.Streams.fsproj", "{263EFC3A-EAAA-4F5A-8C52-8DCF51569BAC}"
EndProject
Project("{6EC3EE1D-3C4E-46DD-8F32-0CC8E7565705}") = "Akkling.Cluster.Sharding", "..\Akkling\src\Akkling.Cluster.Sharding\Akkling.Cluster.Sharding.fsproj", "{12AD37AF-7298-4B2E-ADFD-9857078F5FA8}"
EndProject
Project("{9A19103F-16F7-4668-BE54-9A1E7A4F7556}") = "Akka.Cluster.Sharding", "..\akka.net\src\contrib\cluster\Akka.Cluster.Sharding\Akka.Cluster.Sharding.csproj", "{A7F17C89-EFC5-44FF-AF6E-E5412A4ECCE3}"
EndProject
Project("{9A19103F-16F7-4668-BE54-9A1E7A4F7556}") = "Akka.Cluster", "..\akka.net\src\core\Akka.Cluster\Akka.Cluster.csproj", "{A8F3C2D0-FC3C-4534-A645-E7019E76FDA5}"
EndProject
Project("{9A19103F-16F7-4668-BE54-9A1E7A4F7556}") = "Akka.Cluster.Tools", "..\akka.net\src\contrib\cluster\Akka.Cluster.Tools\Akka.Cluster.Tools.csproj", "{2091B984-4EAE-443C-8260-2DCABB49227C}"
EndProject
Project("{9A19103F-16F7-4668-BE54-9A1E7A4F7556}") = "Akka.DistributedData", "..\akka.net\src\contrib\cluster\Akka.DistributedData\Akka.DistributedData.csproj", "{C0010FFA-7419-43C2-96D4-58482ED487DE}"
EndProject
Project("{6EC3EE1D-3C4E-46DD-8F32-0CC8E7565705}") = "Akkling.DistributedData", "..\Akkling\src\Akkling.DistributedData\Akkling.DistributedData.fsproj", "{4F7A73FC-1F75-442C-AB9F-660832889075}"
EndProject
Project("{6EC3EE1D-3C4E-46DD-8F32-0CC8E7565705}") = "CellScript.Core.Fcs", "src\server\CellScript.Core.Fcs\CellScript.Core.Fcs.fsproj", "{C33D65A2-6004-4B37-878B-1840163EB6DA}"
EndProject
Global
	GlobalSection(SolutionConfigurationPlatforms) = preSolution
		Debug|Any CPU = Debug|Any CPU
		Debug|x64 = Debug|x64
		Debug|x86 = Debug|x86
		Release|Any CPU = Release|Any CPU
		Release|x64 = Release|x64
		Release|x86 = Release|x86
	EndGlobalSection
	GlobalSection(ProjectConfigurationPlatforms) = postSolution
		{43060B83-00A1-455A-A5BF-3B4DF6A2FBA7}.Debug|Any CPU.ActiveCfg = Debug|Any CPU
		{43060B83-00A1-455A-A5BF-3B4DF6A2FBA7}.Debug|Any CPU.Build.0 = Debug|Any CPU
		{43060B83-00A1-455A-A5BF-3B4DF6A2FBA7}.Debug|x64.ActiveCfg = Debug|Any CPU
		{43060B83-00A1-455A-A5BF-3B4DF6A2FBA7}.Debug|x64.Build.0 = Debug|Any CPU
		{43060B83-00A1-455A-A5BF-3B4DF6A2FBA7}.Debug|x86.ActiveCfg = Debug|Any CPU
		{43060B83-00A1-455A-A5BF-3B4DF6A2FBA7}.Debug|x86.Build.0 = Debug|Any CPU
		{43060B83-00A1-455A-A5BF-3B4DF6A2FBA7}.Release|Any CPU.ActiveCfg = Release|Any CPU
		{43060B83-00A1-455A-A5BF-3B4DF6A2FBA7}.Release|Any CPU.Build.0 = Release|Any CPU
		{43060B83-00A1-455A-A5BF-3B4DF6A2FBA7}.Release|x64.ActiveCfg = Release|Any CPU
		{43060B83-00A1-455A-A5BF-3B4DF6A2FBA7}.Release|x64.Build.0 = Release|Any CPU
		{43060B83-00A1-455A-A5BF-3B4DF6A2FBA7}.Release|x86.ActiveCfg = Release|Any CPU
		{43060B83-00A1-455A-A5BF-3B4DF6A2FBA7}.Release|x86.Build.0 = Release|Any CPU
		{8C1E0E8D-C142-4C6A-A090-9B3806BA5EF4}.Debug|Any CPU.ActiveCfg = Debug|Any CPU
		{8C1E0E8D-C142-4C6A-A090-9B3806BA5EF4}.Debug|Any CPU.Build.0 = Debug|Any CPU
		{8C1E0E8D-C142-4C6A-A090-9B3806BA5EF4}.Debug|x64.ActiveCfg = Debug|Any CPU
		{8C1E0E8D-C142-4C6A-A090-9B3806BA5EF4}.Debug|x64.Build.0 = Debug|Any CPU
		{8C1E0E8D-C142-4C6A-A090-9B3806BA5EF4}.Debug|x86.ActiveCfg = Debug|Any CPU
		{8C1E0E8D-C142-4C6A-A090-9B3806BA5EF4}.Debug|x86.Build.0 = Debug|Any CPU
		{8C1E0E8D-C142-4C6A-A090-9B3806BA5EF4}.Release|Any CPU.ActiveCfg = Release|Any CPU
		{8C1E0E8D-C142-4C6A-A090-9B3806BA5EF4}.Release|Any CPU.Build.0 = Release|Any CPU
		{8C1E0E8D-C142-4C6A-A090-9B3806BA5EF4}.Release|x64.ActiveCfg = Release|Any CPU
		{8C1E0E8D-C142-4C6A-A090-9B3806BA5EF4}.Release|x64.Build.0 = Release|Any CPU
		{8C1E0E8D-C142-4C6A-A090-9B3806BA5EF4}.Release|x86.ActiveCfg = Release|Any CPU
		{8C1E0E8D-C142-4C6A-A090-9B3806BA5EF4}.Release|x86.Build.0 = Release|Any CPU
		{298D040C-F5BA-45B7-9F4F-EC49FA52AC80}.Debug|Any CPU.ActiveCfg = Debug|Any CPU
		{298D040C-F5BA-45B7-9F4F-EC49FA52AC80}.Debug|Any CPU.Build.0 = Debug|Any CPU
		{298D040C-F5BA-45B7-9F4F-EC49FA52AC80}.Debug|x64.ActiveCfg = Debug|Any CPU
		{298D040C-F5BA-45B7-9F4F-EC49FA52AC80}.Debug|x64.Build.0 = Debug|Any CPU
		{298D040C-F5BA-45B7-9F4F-EC49FA52AC80}.Debug|x86.ActiveCfg = Debug|Any CPU
		{298D040C-F5BA-45B7-9F4F-EC49FA52AC80}.Debug|x86.Build.0 = Debug|Any CPU
		{298D040C-F5BA-45B7-9F4F-EC49FA52AC80}.Release|Any CPU.ActiveCfg = Release|Any CPU
		{298D040C-F5BA-45B7-9F4F-EC49FA52AC80}.Release|Any CPU.Build.0 = Release|Any CPU
		{298D040C-F5BA-45B7-9F4F-EC49FA52AC80}.Release|x64.ActiveCfg = Release|Any CPU
		{298D040C-F5BA-45B7-9F4F-EC49FA52AC80}.Release|x64.Build.0 = Release|Any CPU
		{298D040C-F5BA-45B7-9F4F-EC49FA52AC80}.Release|x86.ActiveCfg = Release|Any CPU
		{298D040C-F5BA-45B7-9F4F-EC49FA52AC80}.Release|x86.Build.0 = Release|Any CPU
		{2AB7B917-2B41-4AE0-ACCE-9EDA34C7B232}.Debug|Any CPU.ActiveCfg = Debug|Any CPU
		{2AB7B917-2B41-4AE0-ACCE-9EDA34C7B232}.Debug|Any CPU.Build.0 = Debug|Any CPU
		{2AB7B917-2B41-4AE0-ACCE-9EDA34C7B232}.Debug|x64.ActiveCfg = Debug|Any CPU
		{2AB7B917-2B41-4AE0-ACCE-9EDA34C7B232}.Debug|x64.Build.0 = Debug|Any CPU
		{2AB7B917-2B41-4AE0-ACCE-9EDA34C7B232}.Debug|x86.ActiveCfg = Debug|Any CPU
		{2AB7B917-2B41-4AE0-ACCE-9EDA34C7B232}.Debug|x86.Build.0 = Debug|Any CPU
		{2AB7B917-2B41-4AE0-ACCE-9EDA34C7B232}.Release|Any CPU.ActiveCfg = Release|Any CPU
		{2AB7B917-2B41-4AE0-ACCE-9EDA34C7B232}.Release|Any CPU.Build.0 = Release|Any CPU
		{2AB7B917-2B41-4AE0-ACCE-9EDA34C7B232}.Release|x64.ActiveCfg = Release|Any CPU
		{2AB7B917-2B41-4AE0-ACCE-9EDA34C7B232}.Release|x64.Build.0 = Release|Any CPU
		{2AB7B917-2B41-4AE0-ACCE-9EDA34C7B232}.Release|x86.ActiveCfg = Release|Any CPU
		{2AB7B917-2B41-4AE0-ACCE-9EDA34C7B232}.Release|x86.Build.0 = Release|Any CPU
		{8BF12717-2855-4DDE-81D4-1415ED4D0877}.Debug|Any CPU.ActiveCfg = Debug|Any CPU
		{8BF12717-2855-4DDE-81D4-1415ED4D0877}.Debug|Any CPU.Build.0 = Debug|Any CPU
		{8BF12717-2855-4DDE-81D4-1415ED4D0877}.Debug|x64.ActiveCfg = Debug|Any CPU
		{8BF12717-2855-4DDE-81D4-1415ED4D0877}.Debug|x64.Build.0 = Debug|Any CPU
		{8BF12717-2855-4DDE-81D4-1415ED4D0877}.Debug|x86.ActiveCfg = Debug|Any CPU
		{8BF12717-2855-4DDE-81D4-1415ED4D0877}.Debug|x86.Build.0 = Debug|Any CPU
		{8BF12717-2855-4DDE-81D4-1415ED4D0877}.Release|Any CPU.ActiveCfg = Release|Any CPU
		{8BF12717-2855-4DDE-81D4-1415ED4D0877}.Release|Any CPU.Build.0 = Release|Any CPU
		{8BF12717-2855-4DDE-81D4-1415ED4D0877}.Release|x64.ActiveCfg = Release|Any CPU
		{8BF12717-2855-4DDE-81D4-1415ED4D0877}.Release|x64.Build.0 = Release|Any CPU
		{8BF12717-2855-4DDE-81D4-1415ED4D0877}.Release|x86.ActiveCfg = Release|Any CPU
		{8BF12717-2855-4DDE-81D4-1415ED4D0877}.Release|x86.Build.0 = Release|Any CPU
		{10091F53-D3B7-4F06-87D2-8732F591E511}.Debug|Any CPU.ActiveCfg = Debug|Any CPU
		{10091F53-D3B7-4F06-87D2-8732F591E511}.Debug|Any CPU.Build.0 = Debug|Any CPU
		{10091F53-D3B7-4F06-87D2-8732F591E511}.Debug|x64.ActiveCfg = Debug|Any CPU
		{10091F53-D3B7-4F06-87D2-8732F591E511}.Debug|x64.Build.0 = Debug|Any CPU
		{10091F53-D3B7-4F06-87D2-8732F591E511}.Debug|x86.ActiveCfg = Debug|Any CPU
		{10091F53-D3B7-4F06-87D2-8732F591E511}.Debug|x86.Build.0 = Debug|Any CPU
		{10091F53-D3B7-4F06-87D2-8732F591E511}.Release|Any CPU.ActiveCfg = Release|Any CPU
		{10091F53-D3B7-4F06-87D2-8732F591E511}.Release|Any CPU.Build.0 = Release|Any CPU
		{10091F53-D3B7-4F06-87D2-8732F591E511}.Release|x64.ActiveCfg = Release|Any CPU
		{10091F53-D3B7-4F06-87D2-8732F591E511}.Release|x64.Build.0 = Release|Any CPU
		{10091F53-D3B7-4F06-87D2-8732F591E511}.Release|x86.ActiveCfg = Release|Any CPU
		{10091F53-D3B7-4F06-87D2-8732F591E511}.Release|x86.Build.0 = Release|Any CPU
		{7CA97F29-344C-4ACB-B8B1-791089633665}.Debug|Any CPU.ActiveCfg = Debug|Any CPU
		{7CA97F29-344C-4ACB-B8B1-791089633665}.Debug|Any CPU.Build.0 = Debug|Any CPU
		{7CA97F29-344C-4ACB-B8B1-791089633665}.Debug|x64.ActiveCfg = Debug|Any CPU
		{7CA97F29-344C-4ACB-B8B1-791089633665}.Debug|x64.Build.0 = Debug|Any CPU
		{7CA97F29-344C-4ACB-B8B1-791089633665}.Debug|x86.ActiveCfg = Debug|Any CPU
		{7CA97F29-344C-4ACB-B8B1-791089633665}.Debug|x86.Build.0 = Debug|Any CPU
		{7CA97F29-344C-4ACB-B8B1-791089633665}.Release|Any CPU.ActiveCfg = Release|Any CPU
		{7CA97F29-344C-4ACB-B8B1-791089633665}.Release|Any CPU.Build.0 = Release|Any CPU
		{7CA97F29-344C-4ACB-B8B1-791089633665}.Release|x64.ActiveCfg = Release|Any CPU
		{7CA97F29-344C-4ACB-B8B1-791089633665}.Release|x64.Build.0 = Release|Any CPU
		{7CA97F29-344C-4ACB-B8B1-791089633665}.Release|x86.ActiveCfg = Release|Any CPU
		{7CA97F29-344C-4ACB-B8B1-791089633665}.Release|x86.Build.0 = Release|Any CPU
		{8D927DFC-D258-49D5-9A59-475F4896B894}.Debug|Any CPU.ActiveCfg = Debug|Any CPU
		{8D927DFC-D258-49D5-9A59-475F4896B894}.Debug|Any CPU.Build.0 = Debug|Any CPU
		{8D927DFC-D258-49D5-9A59-475F4896B894}.Debug|x64.ActiveCfg = Debug|Any CPU
		{8D927DFC-D258-49D5-9A59-475F4896B894}.Debug|x64.Build.0 = Debug|Any CPU
		{8D927DFC-D258-49D5-9A59-475F4896B894}.Debug|x86.ActiveCfg = Debug|Any CPU
		{8D927DFC-D258-49D5-9A59-475F4896B894}.Debug|x86.Build.0 = Debug|Any CPU
		{8D927DFC-D258-49D5-9A59-475F4896B894}.Release|Any CPU.ActiveCfg = Release|Any CPU
		{8D927DFC-D258-49D5-9A59-475F4896B894}.Release|Any CPU.Build.0 = Release|Any CPU
		{8D927DFC-D258-49D5-9A59-475F4896B894}.Release|x64.ActiveCfg = Release|Any CPU
		{8D927DFC-D258-49D5-9A59-475F4896B894}.Release|x64.Build.0 = Release|Any CPU
		{8D927DFC-D258-49D5-9A59-475F4896B894}.Release|x86.ActiveCfg = Release|Any CPU
		{8D927DFC-D258-49D5-9A59-475F4896B894}.Release|x86.Build.0 = Release|Any CPU
		{F1010DB4-4AB2-4850-BF5C-688086AB01F0}.Debug|Any CPU.ActiveCfg = Debug|Any CPU
		{F1010DB4-4AB2-4850-BF5C-688086AB01F0}.Debug|Any CPU.Build.0 = Debug|Any CPU
		{F1010DB4-4AB2-4850-BF5C-688086AB01F0}.Debug|x64.ActiveCfg = Debug|Any CPU
		{F1010DB4-4AB2-4850-BF5C-688086AB01F0}.Debug|x64.Build.0 = Debug|Any CPU
		{F1010DB4-4AB2-4850-BF5C-688086AB01F0}.Debug|x86.ActiveCfg = Debug|Any CPU
		{F1010DB4-4AB2-4850-BF5C-688086AB01F0}.Debug|x86.Build.0 = Debug|Any CPU
		{F1010DB4-4AB2-4850-BF5C-688086AB01F0}.Release|Any CPU.ActiveCfg = Release|Any CPU
		{F1010DB4-4AB2-4850-BF5C-688086AB01F0}.Release|Any CPU.Build.0 = Release|Any CPU
		{F1010DB4-4AB2-4850-BF5C-688086AB01F0}.Release|x64.ActiveCfg = Release|Any CPU
		{F1010DB4-4AB2-4850-BF5C-688086AB01F0}.Release|x64.Build.0 = Release|Any CPU
		{F1010DB4-4AB2-4850-BF5C-688086AB01F0}.Release|x86.ActiveCfg = Release|Any CPU
		{F1010DB4-4AB2-4850-BF5C-688086AB01F0}.Release|x86.Build.0 = Release|Any CPU
		{D765CB00-2093-4F22-80CD-722A5BB4F116}.Debug|Any CPU.ActiveCfg = Debug|Any CPU
		{D765CB00-2093-4F22-80CD-722A5BB4F116}.Debug|Any CPU.Build.0 = Debug|Any CPU
		{D765CB00-2093-4F22-80CD-722A5BB4F116}.Debug|x64.ActiveCfg = Debug|Any CPU
		{D765CB00-2093-4F22-80CD-722A5BB4F116}.Debug|x64.Build.0 = Debug|Any CPU
		{D765CB00-2093-4F22-80CD-722A5BB4F116}.Debug|x86.ActiveCfg = Debug|Any CPU
		{D765CB00-2093-4F22-80CD-722A5BB4F116}.Debug|x86.Build.0 = Debug|Any CPU
		{D765CB00-2093-4F22-80CD-722A5BB4F116}.Release|Any CPU.ActiveCfg = Release|Any CPU
		{D765CB00-2093-4F22-80CD-722A5BB4F116}.Release|Any CPU.Build.0 = Release|Any CPU
		{D765CB00-2093-4F22-80CD-722A5BB4F116}.Release|x64.ActiveCfg = Release|Any CPU
		{D765CB00-2093-4F22-80CD-722A5BB4F116}.Release|x64.Build.0 = Release|Any CPU
		{D765CB00-2093-4F22-80CD-722A5BB4F116}.Release|x86.ActiveCfg = Release|Any CPU
		{D765CB00-2093-4F22-80CD-722A5BB4F116}.Release|x86.Build.0 = Release|Any CPU
		{32965AB5-6F9D-4517-AA6C-935AF36BFCC9}.Debug|Any CPU.ActiveCfg = Debug|Any CPU
		{32965AB5-6F9D-4517-AA6C-935AF36BFCC9}.Debug|Any CPU.Build.0 = Debug|Any CPU
		{32965AB5-6F9D-4517-AA6C-935AF36BFCC9}.Debug|x64.ActiveCfg = Debug|Any CPU
		{32965AB5-6F9D-4517-AA6C-935AF36BFCC9}.Debug|x64.Build.0 = Debug|Any CPU
		{32965AB5-6F9D-4517-AA6C-935AF36BFCC9}.Debug|x86.ActiveCfg = Debug|Any CPU
		{32965AB5-6F9D-4517-AA6C-935AF36BFCC9}.Debug|x86.Build.0 = Debug|Any CPU
		{32965AB5-6F9D-4517-AA6C-935AF36BFCC9}.Release|Any CPU.ActiveCfg = Release|Any CPU
		{32965AB5-6F9D-4517-AA6C-935AF36BFCC9}.Release|Any CPU.Build.0 = Release|Any CPU
		{32965AB5-6F9D-4517-AA6C-935AF36BFCC9}.Release|x64.ActiveCfg = Release|Any CPU
		{32965AB5-6F9D-4517-AA6C-935AF36BFCC9}.Release|x64.Build.0 = Release|Any CPU
		{32965AB5-6F9D-4517-AA6C-935AF36BFCC9}.Release|x86.ActiveCfg = Release|Any CPU
		{32965AB5-6F9D-4517-AA6C-935AF36BFCC9}.Release|x86.Build.0 = Release|Any CPU
		{FE16C0B7-B5E2-4307-8906-5AACBFDD47E1}.Debug|Any CPU.ActiveCfg = Debug|Any CPU
		{FE16C0B7-B5E2-4307-8906-5AACBFDD47E1}.Debug|Any CPU.Build.0 = Debug|Any CPU
		{FE16C0B7-B5E2-4307-8906-5AACBFDD47E1}.Debug|x64.ActiveCfg = Debug|Any CPU
		{FE16C0B7-B5E2-4307-8906-5AACBFDD47E1}.Debug|x64.Build.0 = Debug|Any CPU
		{FE16C0B7-B5E2-4307-8906-5AACBFDD47E1}.Debug|x86.ActiveCfg = Debug|Any CPU
		{FE16C0B7-B5E2-4307-8906-5AACBFDD47E1}.Debug|x86.Build.0 = Debug|Any CPU
		{FE16C0B7-B5E2-4307-8906-5AACBFDD47E1}.Release|Any CPU.ActiveCfg = Release|Any CPU
		{FE16C0B7-B5E2-4307-8906-5AACBFDD47E1}.Release|Any CPU.Build.0 = Release|Any CPU
		{FE16C0B7-B5E2-4307-8906-5AACBFDD47E1}.Release|x64.ActiveCfg = Release|Any CPU
		{FE16C0B7-B5E2-4307-8906-5AACBFDD47E1}.Release|x64.Build.0 = Release|Any CPU
		{FE16C0B7-B5E2-4307-8906-5AACBFDD47E1}.Release|x86.ActiveCfg = Release|Any CPU
		{FE16C0B7-B5E2-4307-8906-5AACBFDD47E1}.Release|x86.Build.0 = Release|Any CPU
		{1724E381-7C71-4DFD-B8DB-23086E36B0A9}.Debug|Any CPU.ActiveCfg = Debug|Any CPU
		{1724E381-7C71-4DFD-B8DB-23086E36B0A9}.Debug|Any CPU.Build.0 = Debug|Any CPU
		{1724E381-7C71-4DFD-B8DB-23086E36B0A9}.Debug|x64.ActiveCfg = Debug|Any CPU
		{1724E381-7C71-4DFD-B8DB-23086E36B0A9}.Debug|x64.Build.0 = Debug|Any CPU
		{1724E381-7C71-4DFD-B8DB-23086E36B0A9}.Debug|x86.ActiveCfg = Debug|Any CPU
		{1724E381-7C71-4DFD-B8DB-23086E36B0A9}.Debug|x86.Build.0 = Debug|Any CPU
		{1724E381-7C71-4DFD-B8DB-23086E36B0A9}.Release|Any CPU.ActiveCfg = Release|Any CPU
		{1724E381-7C71-4DFD-B8DB-23086E36B0A9}.Release|Any CPU.Build.0 = Release|Any CPU
		{1724E381-7C71-4DFD-B8DB-23086E36B0A9}.Release|x64.ActiveCfg = Release|Any CPU
		{1724E381-7C71-4DFD-B8DB-23086E36B0A9}.Release|x64.Build.0 = Release|Any CPU
		{1724E381-7C71-4DFD-B8DB-23086E36B0A9}.Release|x86.ActiveCfg = Release|Any CPU
		{1724E381-7C71-4DFD-B8DB-23086E36B0A9}.Release|x86.Build.0 = Release|Any CPU
		{4F98A033-1B8B-42BE-8CE9-E42DA0708D29}.Debug|Any CPU.ActiveCfg = Debug|Any CPU
		{4F98A033-1B8B-42BE-8CE9-E42DA0708D29}.Debug|Any CPU.Build.0 = Debug|Any CPU
		{4F98A033-1B8B-42BE-8CE9-E42DA0708D29}.Debug|x64.ActiveCfg = Debug|Any CPU
		{4F98A033-1B8B-42BE-8CE9-E42DA0708D29}.Debug|x64.Build.0 = Debug|Any CPU
		{4F98A033-1B8B-42BE-8CE9-E42DA0708D29}.Debug|x86.ActiveCfg = Debug|Any CPU
		{4F98A033-1B8B-42BE-8CE9-E42DA0708D29}.Debug|x86.Build.0 = Debug|Any CPU
		{4F98A033-1B8B-42BE-8CE9-E42DA0708D29}.Release|Any CPU.ActiveCfg = Release|Any CPU
		{4F98A033-1B8B-42BE-8CE9-E42DA0708D29}.Release|Any CPU.Build.0 = Release|Any CPU
		{4F98A033-1B8B-42BE-8CE9-E42DA0708D29}.Release|x64.ActiveCfg = Release|Any CPU
		{4F98A033-1B8B-42BE-8CE9-E42DA0708D29}.Release|x64.Build.0 = Release|Any CPU
		{4F98A033-1B8B-42BE-8CE9-E42DA0708D29}.Release|x86.ActiveCfg = Release|Any CPU
		{4F98A033-1B8B-42BE-8CE9-E42DA0708D29}.Release|x86.Build.0 = Release|Any CPU
		{F59BAA5C-1B75-4456-B491-17CF3601A50C}.Debug|Any CPU.ActiveCfg = Debug|Any CPU
		{F59BAA5C-1B75-4456-B491-17CF3601A50C}.Debug|Any CPU.Build.0 = Debug|Any CPU
		{F59BAA5C-1B75-4456-B491-17CF3601A50C}.Debug|x64.ActiveCfg = Debug|Any CPU
		{F59BAA5C-1B75-4456-B491-17CF3601A50C}.Debug|x64.Build.0 = Debug|Any CPU
		{F59BAA5C-1B75-4456-B491-17CF3601A50C}.Debug|x86.ActiveCfg = Debug|Any CPU
		{F59BAA5C-1B75-4456-B491-17CF3601A50C}.Debug|x86.Build.0 = Debug|Any CPU
		{F59BAA5C-1B75-4456-B491-17CF3601A50C}.Release|Any CPU.ActiveCfg = Release|Any CPU
		{F59BAA5C-1B75-4456-B491-17CF3601A50C}.Release|Any CPU.Build.0 = Release|Any CPU
		{F59BAA5C-1B75-4456-B491-17CF3601A50C}.Release|x64.ActiveCfg = Release|Any CPU
		{F59BAA5C-1B75-4456-B491-17CF3601A50C}.Release|x64.Build.0 = Release|Any CPU
		{F59BAA5C-1B75-4456-B491-17CF3601A50C}.Release|x86.ActiveCfg = Release|Any CPU
		{F59BAA5C-1B75-4456-B491-17CF3601A50C}.Release|x86.Build.0 = Release|Any CPU
		{263EFC3A-EAAA-4F5A-8C52-8DCF51569BAC}.Debug|Any CPU.ActiveCfg = Debug|Any CPU
		{263EFC3A-EAAA-4F5A-8C52-8DCF51569BAC}.Debug|Any CPU.Build.0 = Debug|Any CPU
		{263EFC3A-EAAA-4F5A-8C52-8DCF51569BAC}.Debug|x64.ActiveCfg = Debug|Any CPU
		{263EFC3A-EAAA-4F5A-8C52-8DCF51569BAC}.Debug|x64.Build.0 = Debug|Any CPU
		{263EFC3A-EAAA-4F5A-8C52-8DCF51569BAC}.Debug|x86.ActiveCfg = Debug|Any CPU
		{263EFC3A-EAAA-4F5A-8C52-8DCF51569BAC}.Debug|x86.Build.0 = Debug|Any CPU
		{263EFC3A-EAAA-4F5A-8C52-8DCF51569BAC}.Release|Any CPU.ActiveCfg = Release|Any CPU
		{263EFC3A-EAAA-4F5A-8C52-8DCF51569BAC}.Release|Any CPU.Build.0 = Release|Any CPU
		{263EFC3A-EAAA-4F5A-8C52-8DCF51569BAC}.Release|x64.ActiveCfg = Release|Any CPU
		{263EFC3A-EAAA-4F5A-8C52-8DCF51569BAC}.Release|x64.Build.0 = Release|Any CPU
		{263EFC3A-EAAA-4F5A-8C52-8DCF51569BAC}.Release|x86.ActiveCfg = Release|Any CPU
		{263EFC3A-EAAA-4F5A-8C52-8DCF51569BAC}.Release|x86.Build.0 = Release|Any CPU
		{12AD37AF-7298-4B2E-ADFD-9857078F5FA8}.Debug|Any CPU.ActiveCfg = Debug|Any CPU
		{12AD37AF-7298-4B2E-ADFD-9857078F5FA8}.Debug|Any CPU.Build.0 = Debug|Any CPU
		{12AD37AF-7298-4B2E-ADFD-9857078F5FA8}.Debug|x64.ActiveCfg = Debug|Any CPU
		{12AD37AF-7298-4B2E-ADFD-9857078F5FA8}.Debug|x64.Build.0 = Debug|Any CPU
		{12AD37AF-7298-4B2E-ADFD-9857078F5FA8}.Debug|x86.ActiveCfg = Debug|Any CPU
		{12AD37AF-7298-4B2E-ADFD-9857078F5FA8}.Debug|x86.Build.0 = Debug|Any CPU
		{12AD37AF-7298-4B2E-ADFD-9857078F5FA8}.Release|Any CPU.ActiveCfg = Release|Any CPU
		{12AD37AF-7298-4B2E-ADFD-9857078F5FA8}.Release|Any CPU.Build.0 = Release|Any CPU
		{12AD37AF-7298-4B2E-ADFD-9857078F5FA8}.Release|x64.ActiveCfg = Release|Any CPU
		{12AD37AF-7298-4B2E-ADFD-9857078F5FA8}.Release|x64.Build.0 = Release|Any CPU
		{12AD37AF-7298-4B2E-ADFD-9857078F5FA8}.Release|x86.ActiveCfg = Release|Any CPU
		{12AD37AF-7298-4B2E-ADFD-9857078F5FA8}.Release|x86.Build.0 = Release|Any CPU
		{A7F17C89-EFC5-44FF-AF6E-E5412A4ECCE3}.Debug|Any CPU.ActiveCfg = Debug|Any CPU
		{A7F17C89-EFC5-44FF-AF6E-E5412A4ECCE3}.Debug|Any CPU.Build.0 = Debug|Any CPU
		{A7F17C89-EFC5-44FF-AF6E-E5412A4ECCE3}.Debug|x64.ActiveCfg = Debug|Any CPU
		{A7F17C89-EFC5-44FF-AF6E-E5412A4ECCE3}.Debug|x64.Build.0 = Debug|Any CPU
		{A7F17C89-EFC5-44FF-AF6E-E5412A4ECCE3}.Debug|x86.ActiveCfg = Debug|Any CPU
		{A7F17C89-EFC5-44FF-AF6E-E5412A4ECCE3}.Debug|x86.Build.0 = Debug|Any CPU
		{A7F17C89-EFC5-44FF-AF6E-E5412A4ECCE3}.Release|Any CPU.ActiveCfg = Release|Any CPU
		{A7F17C89-EFC5-44FF-AF6E-E5412A4ECCE3}.Release|Any CPU.Build.0 = Release|Any CPU
		{A7F17C89-EFC5-44FF-AF6E-E5412A4ECCE3}.Release|x64.ActiveCfg = Release|Any CPU
		{A7F17C89-EFC5-44FF-AF6E-E5412A4ECCE3}.Release|x64.Build.0 = Release|Any CPU
		{A7F17C89-EFC5-44FF-AF6E-E5412A4ECCE3}.Release|x86.ActiveCfg = Release|Any CPU
		{A7F17C89-EFC5-44FF-AF6E-E5412A4ECCE3}.Release|x86.Build.0 = Release|Any CPU
		{A8F3C2D0-FC3C-4534-A645-E7019E76FDA5}.Debug|Any CPU.ActiveCfg = Debug|Any CPU
		{A8F3C2D0-FC3C-4534-A645-E7019E76FDA5}.Debug|Any CPU.Build.0 = Debug|Any CPU
		{A8F3C2D0-FC3C-4534-A645-E7019E76FDA5}.Debug|x64.ActiveCfg = Debug|Any CPU
		{A8F3C2D0-FC3C-4534-A645-E7019E76FDA5}.Debug|x64.Build.0 = Debug|Any CPU
		{A8F3C2D0-FC3C-4534-A645-E7019E76FDA5}.Debug|x86.ActiveCfg = Debug|Any CPU
		{A8F3C2D0-FC3C-4534-A645-E7019E76FDA5}.Debug|x86.Build.0 = Debug|Any CPU
		{A8F3C2D0-FC3C-4534-A645-E7019E76FDA5}.Release|Any CPU.ActiveCfg = Release|Any CPU
		{A8F3C2D0-FC3C-4534-A645-E7019E76FDA5}.Release|Any CPU.Build.0 = Release|Any CPU
		{A8F3C2D0-FC3C-4534-A645-E7019E76FDA5}.Release|x64.ActiveCfg = Release|Any CPU
		{A8F3C2D0-FC3C-4534-A645-E7019E76FDA5}.Release|x64.Build.0 = Release|Any CPU
		{A8F3C2D0-FC3C-4534-A645-E7019E76FDA5}.Release|x86.ActiveCfg = Release|Any CPU
		{A8F3C2D0-FC3C-4534-A645-E7019E76FDA5}.Release|x86.Build.0 = Release|Any CPU
		{2091B984-4EAE-443C-8260-2DCABB49227C}.Debug|Any CPU.ActiveCfg = Debug|Any CPU
		{2091B984-4EAE-443C-8260-2DCABB49227C}.Debug|Any CPU.Build.0 = Debug|Any CPU
		{2091B984-4EAE-443C-8260-2DCABB49227C}.Debug|x64.ActiveCfg = Debug|Any CPU
		{2091B984-4EAE-443C-8260-2DCABB49227C}.Debug|x64.Build.0 = Debug|Any CPU
		{2091B984-4EAE-443C-8260-2DCABB49227C}.Debug|x86.ActiveCfg = Debug|Any CPU
		{2091B984-4EAE-443C-8260-2DCABB49227C}.Debug|x86.Build.0 = Debug|Any CPU
		{2091B984-4EAE-443C-8260-2DCABB49227C}.Release|Any CPU.ActiveCfg = Release|Any CPU
		{2091B984-4EAE-443C-8260-2DCABB49227C}.Release|Any CPU.Build.0 = Release|Any CPU
		{2091B984-4EAE-443C-8260-2DCABB49227C}.Release|x64.ActiveCfg = Release|Any CPU
		{2091B984-4EAE-443C-8260-2DCABB49227C}.Release|x64.Build.0 = Release|Any CPU
		{2091B984-4EAE-443C-8260-2DCABB49227C}.Release|x86.ActiveCfg = Release|Any CPU
		{2091B984-4EAE-443C-8260-2DCABB49227C}.Release|x86.Build.0 = Release|Any CPU
		{C0010FFA-7419-43C2-96D4-58482ED487DE}.Debug|Any CPU.ActiveCfg = Debug|Any CPU
		{C0010FFA-7419-43C2-96D4-58482ED487DE}.Debug|Any CPU.Build.0 = Debug|Any CPU
		{C0010FFA-7419-43C2-96D4-58482ED487DE}.Debug|x64.ActiveCfg = Debug|Any CPU
		{C0010FFA-7419-43C2-96D4-58482ED487DE}.Debug|x64.Build.0 = Debug|Any CPU
		{C0010FFA-7419-43C2-96D4-58482ED487DE}.Debug|x86.ActiveCfg = Debug|Any CPU
		{C0010FFA-7419-43C2-96D4-58482ED487DE}.Debug|x86.Build.0 = Debug|Any CPU
		{C0010FFA-7419-43C2-96D4-58482ED487DE}.Release|Any CPU.ActiveCfg = Release|Any CPU
		{C0010FFA-7419-43C2-96D4-58482ED487DE}.Release|Any CPU.Build.0 = Release|Any CPU
		{C0010FFA-7419-43C2-96D4-58482ED487DE}.Release|x64.ActiveCfg = Release|Any CPU
		{C0010FFA-7419-43C2-96D4-58482ED487DE}.Release|x64.Build.0 = Release|Any CPU
		{C0010FFA-7419-43C2-96D4-58482ED487DE}.Release|x86.ActiveCfg = Release|Any CPU
		{C0010FFA-7419-43C2-96D4-58482ED487DE}.Release|x86.Build.0 = Release|Any CPU
		{4F7A73FC-1F75-442C-AB9F-660832889075}.Debug|Any CPU.ActiveCfg = Debug|Any CPU
		{4F7A73FC-1F75-442C-AB9F-660832889075}.Debug|Any CPU.Build.0 = Debug|Any CPU
		{4F7A73FC-1F75-442C-AB9F-660832889075}.Debug|x64.ActiveCfg = Debug|Any CPU
		{4F7A73FC-1F75-442C-AB9F-660832889075}.Debug|x64.Build.0 = Debug|Any CPU
		{4F7A73FC-1F75-442C-AB9F-660832889075}.Debug|x86.ActiveCfg = Debug|Any CPU
		{4F7A73FC-1F75-442C-AB9F-660832889075}.Debug|x86.Build.0 = Debug|Any CPU
		{4F7A73FC-1F75-442C-AB9F-660832889075}.Release|Any CPU.ActiveCfg = Release|Any CPU
		{4F7A73FC-1F75-442C-AB9F-660832889075}.Release|Any CPU.Build.0 = Release|Any CPU
		{4F7A73FC-1F75-442C-AB9F-660832889075}.Release|x64.ActiveCfg = Release|Any CPU
		{4F7A73FC-1F75-442C-AB9F-660832889075}.Release|x64.Build.0 = Release|Any CPU
		{4F7A73FC-1F75-442C-AB9F-660832889075}.Release|x86.ActiveCfg = Release|Any CPU
		{4F7A73FC-1F75-442C-AB9F-660832889075}.Release|x86.Build.0 = Release|Any CPU
		{C33D65A2-6004-4B37-878B-1840163EB6DA}.Debug|Any CPU.ActiveCfg = Debug|Any CPU
		{C33D65A2-6004-4B37-878B-1840163EB6DA}.Debug|Any CPU.Build.0 = Debug|Any CPU
		{C33D65A2-6004-4B37-878B-1840163EB6DA}.Debug|x64.ActiveCfg = Debug|Any CPU
		{C33D65A2-6004-4B37-878B-1840163EB6DA}.Debug|x64.Build.0 = Debug|Any CPU
		{C33D65A2-6004-4B37-878B-1840163EB6DA}.Debug|x86.ActiveCfg = Debug|Any CPU
		{C33D65A2-6004-4B37-878B-1840163EB6DA}.Debug|x86.Build.0 = Debug|Any CPU
		{C33D65A2-6004-4B37-878B-1840163EB6DA}.Release|Any CPU.ActiveCfg = Release|Any CPU
		{C33D65A2-6004-4B37-878B-1840163EB6DA}.Release|Any CPU.Build.0 = Release|Any CPU
		{C33D65A2-6004-4B37-878B-1840163EB6DA}.Release|x64.ActiveCfg = Release|Any CPU
		{C33D65A2-6004-4B37-878B-1840163EB6DA}.Release|x64.Build.0 = Release|Any CPU
		{C33D65A2-6004-4B37-878B-1840163EB6DA}.Release|x86.ActiveCfg = Release|Any CPU
		{C33D65A2-6004-4B37-878B-1840163EB6DA}.Release|x86.Build.0 = Release|Any CPU
	EndGlobalSection
	GlobalSection(SolutionProperties) = preSolution
		HideSolutionNode = FALSE
	EndGlobalSection
	GlobalSection(NestedProjects) = preSolution
		{4B3F47B6-B7EF-4D5B-A9C4-C436F050961F} = {2B8F5B3A-0391-4B72-9BAB-E4665FBCB58B}
		{3F4A61AF-78D0-45EB-904D-B1F8DDC8D985} = {2B8F5B3A-0391-4B72-9BAB-E4665FBCB58B}
		{43060B83-00A1-455A-A5BF-3B4DF6A2FBA7} = {3F4A61AF-78D0-45EB-904D-B1F8DDC8D985}
		{8C1E0E8D-C142-4C6A-A090-9B3806BA5EF4} = {44361D00-C795-47B3-98C8-A71CA2BC0E49}
		{298D040C-F5BA-45B7-9F4F-EC49FA52AC80} = {44361D00-C795-47B3-98C8-A71CA2BC0E49}
		{2AB7B917-2B41-4AE0-ACCE-9EDA34C7B232} = {44361D00-C795-47B3-98C8-A71CA2BC0E49}
		{8BF12717-2855-4DDE-81D4-1415ED4D0877} = {38C502FC-5C56-4A93-BC1E-FA39F226EFDA}
		{10091F53-D3B7-4F06-87D2-8732F591E511} = {3F4A61AF-78D0-45EB-904D-B1F8DDC8D985}
		{7CA97F29-344C-4ACB-B8B1-791089633665} = {44361D00-C795-47B3-98C8-A71CA2BC0E49}
		{8D927DFC-D258-49D5-9A59-475F4896B894} = {38C502FC-5C56-4A93-BC1E-FA39F226EFDA}
		{F1010DB4-4AB2-4850-BF5C-688086AB01F0} = {38C502FC-5C56-4A93-BC1E-FA39F226EFDA}
		{D765CB00-2093-4F22-80CD-722A5BB4F116} = {4B3F47B6-B7EF-4D5B-A9C4-C436F050961F}
		{32965AB5-6F9D-4517-AA6C-935AF36BFCC9} = {4B3F47B6-B7EF-4D5B-A9C4-C436F050961F}
		{FE16C0B7-B5E2-4307-8906-5AACBFDD47E1} = {4B3F47B6-B7EF-4D5B-A9C4-C436F050961F}
		{1724E381-7C71-4DFD-B8DB-23086E36B0A9} = {38C502FC-5C56-4A93-BC1E-FA39F226EFDA}
		{4F98A033-1B8B-42BE-8CE9-E42DA0708D29} = {38C502FC-5C56-4A93-BC1E-FA39F226EFDA}
		{F59BAA5C-1B75-4456-B491-17CF3601A50C} = {38C502FC-5C56-4A93-BC1E-FA39F226EFDA}
		{263EFC3A-EAAA-4F5A-8C52-8DCF51569BAC} = {38C502FC-5C56-4A93-BC1E-FA39F226EFDA}
		{12AD37AF-7298-4B2E-ADFD-9857078F5FA8} = {38C502FC-5C56-4A93-BC1E-FA39F226EFDA}
		{A7F17C89-EFC5-44FF-AF6E-E5412A4ECCE3} = {38C502FC-5C56-4A93-BC1E-FA39F226EFDA}
		{A8F3C2D0-FC3C-4534-A645-E7019E76FDA5} = {38C502FC-5C56-4A93-BC1E-FA39F226EFDA}
		{2091B984-4EAE-443C-8260-2DCABB49227C} = {38C502FC-5C56-4A93-BC1E-FA39F226EFDA}
		{C0010FFA-7419-43C2-96D4-58482ED487DE} = {38C502FC-5C56-4A93-BC1E-FA39F226EFDA}
		{4F7A73FC-1F75-442C-AB9F-660832889075} = {38C502FC-5C56-4A93-BC1E-FA39F226EFDA}
		{C33D65A2-6004-4B37-878B-1840163EB6DA} = {3F4A61AF-78D0-45EB-904D-B1F8DDC8D985}
	EndGlobalSection
	GlobalSection(ExtensibilityGlobals) = postSolution
		SolutionGuid = {3B1A1BBC-B6CD-4839-B31C-FBB3487E6A8E}
	EndGlobalSection
EndGlobal
