
Microsoft Visual Studio Solution File, Format Version 12.00
# Visual Studio Version 16
VisualStudioVersion = 16.0.28711.60
MinimumVisualStudioVersion = 15.0.26124.0
Project("{2150E333-8FDC-42A3-9474-1A3956D46DE8}") = "src", "src", "{2B8F5B3A-0391-4B72-9BAB-E4665FBCB58B}"
EndProject
Project("{2150E333-8FDC-42A3-9474-1A3956D46DE8}") = "client", "client", "{4B3F47B6-B7EF-4D5B-A9C4-C436F050961F}"
EndProject
Project("{6EC3EE1D-3C4E-46DD-8F32-0CC8E7565705}") = "CellScript.Client", "src\client\CellScript.Client\CellScript.Client.fsproj", "{79F4FC5D-9017-44C5-A239-EBD1F89AD0FC}"
EndProject
Project("{2150E333-8FDC-42A3-9474-1A3956D46DE8}") = "server", "server", "{3F4A61AF-78D0-45EB-904D-B1F8DDC8D985}"
EndProject
Project("{6EC3EE1D-3C4E-46DD-8F32-0CC8E7565705}") = "CellScript.Core", "src\server\CellScript.Core\CellScript.Core.fsproj", "{43060B83-00A1-455A-A5BF-3B4DF6A2FBA7}"
EndProject
Project("{6EC3EE1D-3C4E-46DD-8F32-0CC8E7565705}") = "CellScript.Server", "src\server\CellScript.Server\CellScript.Server.fsproj", "{CC5C666F-3C67-4239-BA05-131071759A08}"
EndProject
Project("{2150E333-8FDC-42A3-9474-1A3956D46DE8}") = "tests", "tests", "{44361D00-C795-47B3-98C8-A71CA2BC0E49}"
EndProject
Project("{2150E333-8FDC-42A3-9474-1A3956D46DE8}") = "tools", "tools", "{2A8CB1BF-AA3C-4AA8-9EC8-86C3AF15F6BB}"
EndProject
Project("{6EC3EE1D-3C4E-46DD-8F32-0CC8E7565705}") = "CellScript.Client.Tests", "tests\CellScript.Client.Tests\CellScript.Client.Tests.fsproj", "{8C1E0E8D-C142-4C6A-A090-9B3806BA5EF4}"
EndProject
Project("{6EC3EE1D-3C4E-46DD-8F32-0CC8E7565705}") = "CellScript.Core.Tests", "tests\CellScript.Core.Tests\CellScript.Core.Tests.fsproj", "{298D040C-F5BA-45B7-9F4F-EC49FA52AC80}"
EndProject
Project("{6EC3EE1D-3C4E-46DD-8F32-0CC8E7565705}") = "CellScript.Server.Tests", "tests\CellScript.Server.Tests\CellScript.Server.Tests.fsproj", "{183C26E5-FE09-4AB0-9A41-FA206BAD18A4}"
EndProject
Project("{6EC3EE1D-3C4E-46DD-8F32-0CC8E7565705}") = "CellScript.Watcher", "tests\tools\CellScript.Watcher\CellScript.Watcher.fsproj", "{99BA2341-5B43-4F3B-AD02-3F636F42D7FA}"
EndProject
Global
	GlobalSection(SolutionConfigurationPlatforms) = preSolution
		Debug|Any CPU = Debug|Any CPU
		Debug|x64 = Debug|x64
		Debug|x86 = Debug|x86
		Release|Any CPU = Release|Any CPU
		Release|x64 = Release|x64
		Release|x86 = Release|x86
	EndGlobalSection
	GlobalSection(ProjectConfigurationPlatforms) = postSolution
		{79F4FC5D-9017-44C5-A239-EBD1F89AD0FC}.Debug|Any CPU.ActiveCfg = Debug|Any CPU
		{79F4FC5D-9017-44C5-A239-EBD1F89AD0FC}.Debug|Any CPU.Build.0 = Debug|Any CPU
		{79F4FC5D-9017-44C5-A239-EBD1F89AD0FC}.Debug|x64.ActiveCfg = Debug|Any CPU
		{79F4FC5D-9017-44C5-A239-EBD1F89AD0FC}.Debug|x64.Build.0 = Debug|Any CPU
		{79F4FC5D-9017-44C5-A239-EBD1F89AD0FC}.Debug|x86.ActiveCfg = Debug|Any CPU
		{79F4FC5D-9017-44C5-A239-EBD1F89AD0FC}.Debug|x86.Build.0 = Debug|Any CPU
		{79F4FC5D-9017-44C5-A239-EBD1F89AD0FC}.Release|Any CPU.ActiveCfg = Release|Any CPU
		{79F4FC5D-9017-44C5-A239-EBD1F89AD0FC}.Release|Any CPU.Build.0 = Release|Any CPU
		{79F4FC5D-9017-44C5-A239-EBD1F89AD0FC}.Release|x64.ActiveCfg = Release|Any CPU
		{79F4FC5D-9017-44C5-A239-EBD1F89AD0FC}.Release|x64.Build.0 = Release|Any CPU
		{79F4FC5D-9017-44C5-A239-EBD1F89AD0FC}.Release|x86.ActiveCfg = Release|Any CPU
		{79F4FC5D-9017-44C5-A239-EBD1F89AD0FC}.Release|x86.Build.0 = Release|Any CPU
		{43060B83-00A1-455A-A5BF-3B4DF6A2FBA7}.Debug|Any CPU.ActiveCfg = Debug|Any CPU
		{43060B83-00A1-455A-A5BF-3B4DF6A2FBA7}.Debug|Any CPU.Build.0 = Debug|Any CPU
		{43060B83-00A1-455A-A5BF-3B4DF6A2FBA7}.Debug|x64.ActiveCfg = Debug|Any CPU
		{43060B83-00A1-455A-A5BF-3B4DF6A2FBA7}.Debug|x64.Build.0 = Debug|Any CPU
		{43060B83-00A1-455A-A5BF-3B4DF6A2FBA7}.Debug|x86.ActiveCfg = Debug|Any CPU
		{43060B83-00A1-455A-A5BF-3B4DF6A2FBA7}.Debug|x86.Build.0 = Debug|Any CPU
		{43060B83-00A1-455A-A5BF-3B4DF6A2FBA7}.Release|Any CPU.ActiveCfg = Release|Any CPU
		{43060B83-00A1-455A-A5BF-3B4DF6A2FBA7}.Release|Any CPU.Build.0 = Release|Any CPU
		{43060B83-00A1-455A-A5BF-3B4DF6A2FBA7}.Release|x64.ActiveCfg = Release|Any CPU
		{43060B83-00A1-455A-A5BF-3B4DF6A2FBA7}.Release|x64.Build.0 = Release|Any CPU
		{43060B83-00A1-455A-A5BF-3B4DF6A2FBA7}.Release|x86.ActiveCfg = Release|Any CPU
		{43060B83-00A1-455A-A5BF-3B4DF6A2FBA7}.Release|x86.Build.0 = Release|Any CPU
		{CC5C666F-3C67-4239-BA05-131071759A08}.Debug|Any CPU.ActiveCfg = Debug|Any CPU
		{CC5C666F-3C67-4239-BA05-131071759A08}.Debug|Any CPU.Build.0 = Debug|Any CPU
		{CC5C666F-3C67-4239-BA05-131071759A08}.Debug|x64.ActiveCfg = Debug|Any CPU
		{CC5C666F-3C67-4239-BA05-131071759A08}.Debug|x64.Build.0 = Debug|Any CPU
		{CC5C666F-3C67-4239-BA05-131071759A08}.Debug|x86.ActiveCfg = Debug|Any CPU
		{CC5C666F-3C67-4239-BA05-131071759A08}.Debug|x86.Build.0 = Debug|Any CPU
		{CC5C666F-3C67-4239-BA05-131071759A08}.Release|Any CPU.ActiveCfg = Release|Any CPU
		{CC5C666F-3C67-4239-BA05-131071759A08}.Release|Any CPU.Build.0 = Release|Any CPU
		{CC5C666F-3C67-4239-BA05-131071759A08}.Release|x64.ActiveCfg = Release|Any CPU
		{CC5C666F-3C67-4239-BA05-131071759A08}.Release|x64.Build.0 = Release|Any CPU
		{CC5C666F-3C67-4239-BA05-131071759A08}.Release|x86.ActiveCfg = Release|Any CPU
		{CC5C666F-3C67-4239-BA05-131071759A08}.Release|x86.Build.0 = Release|Any CPU
		{8C1E0E8D-C142-4C6A-A090-9B3806BA5EF4}.Debug|Any CPU.ActiveCfg = Debug|Any CPU
		{8C1E0E8D-C142-4C6A-A090-9B3806BA5EF4}.Debug|Any CPU.Build.0 = Debug|Any CPU
		{8C1E0E8D-C142-4C6A-A090-9B3806BA5EF4}.Debug|x64.ActiveCfg = Debug|Any CPU
		{8C1E0E8D-C142-4C6A-A090-9B3806BA5EF4}.Debug|x64.Build.0 = Debug|Any CPU
		{8C1E0E8D-C142-4C6A-A090-9B3806BA5EF4}.Debug|x86.ActiveCfg = Debug|Any CPU
		{8C1E0E8D-C142-4C6A-A090-9B3806BA5EF4}.Debug|x86.Build.0 = Debug|Any CPU
		{8C1E0E8D-C142-4C6A-A090-9B3806BA5EF4}.Release|Any CPU.ActiveCfg = Release|Any CPU
		{8C1E0E8D-C142-4C6A-A090-9B3806BA5EF4}.Release|Any CPU.Build.0 = Release|Any CPU
		{8C1E0E8D-C142-4C6A-A090-9B3806BA5EF4}.Release|x64.ActiveCfg = Release|Any CPU
		{8C1E0E8D-C142-4C6A-A090-9B3806BA5EF4}.Release|x64.Build.0 = Release|Any CPU
		{8C1E0E8D-C142-4C6A-A090-9B3806BA5EF4}.Release|x86.ActiveCfg = Release|Any CPU
		{8C1E0E8D-C142-4C6A-A090-9B3806BA5EF4}.Release|x86.Build.0 = Release|Any CPU
		{298D040C-F5BA-45B7-9F4F-EC49FA52AC80}.Debug|Any CPU.ActiveCfg = Debug|Any CPU
		{298D040C-F5BA-45B7-9F4F-EC49FA52AC80}.Debug|Any CPU.Build.0 = Debug|Any CPU
		{298D040C-F5BA-45B7-9F4F-EC49FA52AC80}.Debug|x64.ActiveCfg = Debug|Any CPU
		{298D040C-F5BA-45B7-9F4F-EC49FA52AC80}.Debug|x64.Build.0 = Debug|Any CPU
		{298D040C-F5BA-45B7-9F4F-EC49FA52AC80}.Debug|x86.ActiveCfg = Debug|Any CPU
		{298D040C-F5BA-45B7-9F4F-EC49FA52AC80}.Debug|x86.Build.0 = Debug|Any CPU
		{298D040C-F5BA-45B7-9F4F-EC49FA52AC80}.Release|Any CPU.ActiveCfg = Release|Any CPU
		{298D040C-F5BA-45B7-9F4F-EC49FA52AC80}.Release|Any CPU.Build.0 = Release|Any CPU
		{298D040C-F5BA-45B7-9F4F-EC49FA52AC80}.Release|x64.ActiveCfg = Release|Any CPU
		{298D040C-F5BA-45B7-9F4F-EC49FA52AC80}.Release|x64.Build.0 = Release|Any CPU
		{298D040C-F5BA-45B7-9F4F-EC49FA52AC80}.Release|x86.ActiveCfg = Release|Any CPU
		{298D040C-F5BA-45B7-9F4F-EC49FA52AC80}.Release|x86.Build.0 = Release|Any CPU
		{183C26E5-FE09-4AB0-9A41-FA206BAD18A4}.Debug|Any CPU.ActiveCfg = Debug|Any CPU
		{183C26E5-FE09-4AB0-9A41-FA206BAD18A4}.Debug|Any CPU.Build.0 = Debug|Any CPU
		{183C26E5-FE09-4AB0-9A41-FA206BAD18A4}.Debug|x64.ActiveCfg = Debug|Any CPU
		{183C26E5-FE09-4AB0-9A41-FA206BAD18A4}.Debug|x64.Build.0 = Debug|Any CPU
		{183C26E5-FE09-4AB0-9A41-FA206BAD18A4}.Debug|x86.ActiveCfg = Debug|Any CPU
		{183C26E5-FE09-4AB0-9A41-FA206BAD18A4}.Debug|x86.Build.0 = Debug|Any CPU
		{183C26E5-FE09-4AB0-9A41-FA206BAD18A4}.Release|Any CPU.ActiveCfg = Release|Any CPU
		{183C26E5-FE09-4AB0-9A41-FA206BAD18A4}.Release|Any CPU.Build.0 = Release|Any CPU
		{183C26E5-FE09-4AB0-9A41-FA206BAD18A4}.Release|x64.ActiveCfg = Release|Any CPU
		{183C26E5-FE09-4AB0-9A41-FA206BAD18A4}.Release|x64.Build.0 = Release|Any CPU
		{183C26E5-FE09-4AB0-9A41-FA206BAD18A4}.Release|x86.ActiveCfg = Release|Any CPU
		{183C26E5-FE09-4AB0-9A41-FA206BAD18A4}.Release|x86.Build.0 = Release|Any CPU
		{99BA2341-5B43-4F3B-AD02-3F636F42D7FA}.Debug|Any CPU.ActiveCfg = Debug|Any CPU
		{99BA2341-5B43-4F3B-AD02-3F636F42D7FA}.Debug|Any CPU.Build.0 = Debug|Any CPU
		{99BA2341-5B43-4F3B-AD02-3F636F42D7FA}.Debug|x64.ActiveCfg = Debug|Any CPU
		{99BA2341-5B43-4F3B-AD02-3F636F42D7FA}.Debug|x64.Build.0 = Debug|Any CPU
		{99BA2341-5B43-4F3B-AD02-3F636F42D7FA}.Debug|x86.ActiveCfg = Debug|Any CPU
		{99BA2341-5B43-4F3B-AD02-3F636F42D7FA}.Debug|x86.Build.0 = Debug|Any CPU
		{99BA2341-5B43-4F3B-AD02-3F636F42D7FA}.Release|Any CPU.ActiveCfg = Release|Any CPU
		{99BA2341-5B43-4F3B-AD02-3F636F42D7FA}.Release|Any CPU.Build.0 = Release|Any CPU
		{99BA2341-5B43-4F3B-AD02-3F636F42D7FA}.Release|x64.ActiveCfg = Release|Any CPU
		{99BA2341-5B43-4F3B-AD02-3F636F42D7FA}.Release|x64.Build.0 = Release|Any CPU
		{99BA2341-5B43-4F3B-AD02-3F636F42D7FA}.Release|x86.ActiveCfg = Release|Any CPU
		{99BA2341-5B43-4F3B-AD02-3F636F42D7FA}.Release|x86.Build.0 = Release|Any CPU
	EndGlobalSection
	GlobalSection(SolutionProperties) = preSolution
		HideSolutionNode = FALSE
	EndGlobalSection
	GlobalSection(NestedProjects) = preSolution
		{4B3F47B6-B7EF-4D5B-A9C4-C436F050961F} = {2B8F5B3A-0391-4B72-9BAB-E4665FBCB58B}
		{79F4FC5D-9017-44C5-A239-EBD1F89AD0FC} = {4B3F47B6-B7EF-4D5B-A9C4-C436F050961F}
		{3F4A61AF-78D0-45EB-904D-B1F8DDC8D985} = {2B8F5B3A-0391-4B72-9BAB-E4665FBCB58B}
		{43060B83-00A1-455A-A5BF-3B4DF6A2FBA7} = {3F4A61AF-78D0-45EB-904D-B1F8DDC8D985}
		{CC5C666F-3C67-4239-BA05-131071759A08} = {3F4A61AF-78D0-45EB-904D-B1F8DDC8D985}
		{44361D00-C795-47B3-98C8-A71CA2BC0E49} = {2B8F5B3A-0391-4B72-9BAB-E4665FBCB58B}
		{2A8CB1BF-AA3C-4AA8-9EC8-86C3AF15F6BB} = {2B8F5B3A-0391-4B72-9BAB-E4665FBCB58B}
		{8C1E0E8D-C142-4C6A-A090-9B3806BA5EF4} = {44361D00-C795-47B3-98C8-A71CA2BC0E49}
		{298D040C-F5BA-45B7-9F4F-EC49FA52AC80} = {44361D00-C795-47B3-98C8-A71CA2BC0E49}
		{183C26E5-FE09-4AB0-9A41-FA206BAD18A4} = {44361D00-C795-47B3-98C8-A71CA2BC0E49}
		{99BA2341-5B43-4F3B-AD02-3F636F42D7FA} = {2A8CB1BF-AA3C-4AA8-9EC8-86C3AF15F6BB}
	EndGlobalSection
	GlobalSection(ExtensibilityGlobals) = postSolution
		SolutionGuid = {3B1A1BBC-B6CD-4839-B31C-FBB3487E6A8E}
	EndGlobalSection
EndGlobal
