
Microsoft Visual Studio Solution File, Format Version 12.00
# Visual Studio 15
VisualStudioVersion = 15.0.28307.489
MinimumVisualStudioVersion = 15.0.26124.0
Project("{2150E333-8FDC-42A3-9474-1A3956D46DE8}") = "outsource", "outsource", "{38C502FC-5C56-4A93-BC1E-FA39F226EFDA}"
EndProject
Project("{9A19103F-16F7-4668-BE54-9A1E7A4F7556}") = "Hyperion", "..\Hyperion\src\Hyperion\Hyperion.csproj", "{8BF12717-2855-4DDE-81D4-1415ED4D0877}"
EndProject
Project("{2150E333-8FDC-42A3-9474-1A3956D46DE8}") = "tools", "tools", "{274396EA-703A-4E18-9599-4230B467AA21}"
EndProject
Project("{6EC3EE1D-3C4E-46DD-8F32-0CC8E7565705}") = "fcswatch-cli", "..\FCSWatch\src\fcswatch-cli\fcswatch-cli.fsproj", "{29FE91D7-121B-40B9-9B34-20A9DFC3C6CE}"
EndProject
Project("{6EC3EE1D-3C4E-46DD-8F32-0CC8E7565705}") = "FcsWatch.Binary", "..\FCSWatch\src\FcsWatch.Binary\FcsWatch.Binary.fsproj", "{BFE7FE1F-0D02-4D1E-B6CA-0F22A3EEB9B2}"
EndProject
Project("{2150E333-8FDC-42A3-9474-1A3956D46DE8}") = "FcsWatch", "FcsWatch", "{448BC47E-89C8-481E-9442-EB3E8CD3482D}"
EndProject
Project("{9A19103F-16F7-4668-BE54-9A1E7A4F7556}") = "FcsWatch.Binary.Helpers", "..\FCSWatch\src\FcsWatch.Binary.Helpers\FcsWatch.Binary.Helpers.csproj", "{4B15FB9D-60FE-46FA-9875-2FBC74891306}"
EndProject
Project("{6EC3EE1D-3C4E-46DD-8F32-0CC8E7565705}") = "FcsWatch.Core", "..\FCSWatch\src\FcsWatch.Core\FcsWatch.Core.fsproj", "{16C89DF5-E6CC-43E7-A227-D9CBA18C0530}"
EndProject
Project("{6EC3EE1D-3C4E-46DD-8F32-0CC8E7565705}") = "FcsWatch.AutoReload.Core", "tests\tools\FcsWatch.AutoReload.Core\FcsWatch.AutoReload.Core.fsproj", "{1592AD86-823F-4EDC-8B4F-A59A68AD7D71}"
EndProject
Project("{6EC3EE1D-3C4E-46DD-8F32-0CC8E7565705}") = "FcsWatch.AutoReload.Server", "tests\tools\FcsWatch.AutoReload.Server\FcsWatch.AutoReload.Server.fsproj", "{749F57CD-423C-4606-AD9F-A27642D82E3D}"
EndProject
Project("{6EC3EE1D-3C4E-46DD-8F32-0CC8E7565705}") = "fcswatch-win-cli", "tests\tools\fcswatch-win-cli\fcswatch-win-cli.fsproj", "{66BBAD9B-EAEF-4BEC-97C7-386F85FF5EF7}"
EndProject
Global
	GlobalSection(SolutionConfigurationPlatforms) = preSolution
		Debug|Any CPU = Debug|Any CPU
		Debug|x64 = Debug|x64
		Debug|x86 = Debug|x86
		Release|Any CPU = Release|Any CPU
		Release|x64 = Release|x64
		Release|x86 = Release|x86
	EndGlobalSection
	GlobalSection(ProjectConfigurationPlatforms) = postSolution
		{8BF12717-2855-4DDE-81D4-1415ED4D0877}.Debug|Any CPU.ActiveCfg = Debug|Any CPU
		{8BF12717-2855-4DDE-81D4-1415ED4D0877}.Debug|Any CPU.Build.0 = Debug|Any CPU
		{8BF12717-2855-4DDE-81D4-1415ED4D0877}.Debug|x64.ActiveCfg = Debug|Any CPU
		{8BF12717-2855-4DDE-81D4-1415ED4D0877}.Debug|x64.Build.0 = Debug|Any CPU
		{8BF12717-2855-4DDE-81D4-1415ED4D0877}.Debug|x86.ActiveCfg = Debug|Any CPU
		{8BF12717-2855-4DDE-81D4-1415ED4D0877}.Debug|x86.Build.0 = Debug|Any CPU
		{8BF12717-2855-4DDE-81D4-1415ED4D0877}.Release|Any CPU.ActiveCfg = Release|Any CPU
		{8BF12717-2855-4DDE-81D4-1415ED4D0877}.Release|Any CPU.Build.0 = Release|Any CPU
		{8BF12717-2855-4DDE-81D4-1415ED4D0877}.Release|x64.ActiveCfg = Release|Any CPU
		{8BF12717-2855-4DDE-81D4-1415ED4D0877}.Release|x64.Build.0 = Release|Any CPU
		{8BF12717-2855-4DDE-81D4-1415ED4D0877}.Release|x86.ActiveCfg = Release|Any CPU
		{8BF12717-2855-4DDE-81D4-1415ED4D0877}.Release|x86.Build.0 = Release|Any CPU
		{29FE91D7-121B-40B9-9B34-20A9DFC3C6CE}.Debug|Any CPU.ActiveCfg = Debug|Any CPU
		{29FE91D7-121B-40B9-9B34-20A9DFC3C6CE}.Debug|Any CPU.Build.0 = Debug|Any CPU
		{29FE91D7-121B-40B9-9B34-20A9DFC3C6CE}.Debug|x64.ActiveCfg = Debug|Any CPU
		{29FE91D7-121B-40B9-9B34-20A9DFC3C6CE}.Debug|x64.Build.0 = Debug|Any CPU
		{29FE91D7-121B-40B9-9B34-20A9DFC3C6CE}.Debug|x86.ActiveCfg = Debug|Any CPU
		{29FE91D7-121B-40B9-9B34-20A9DFC3C6CE}.Debug|x86.Build.0 = Debug|Any CPU
		{29FE91D7-121B-40B9-9B34-20A9DFC3C6CE}.Release|Any CPU.ActiveCfg = Release|Any CPU
		{29FE91D7-121B-40B9-9B34-20A9DFC3C6CE}.Release|Any CPU.Build.0 = Release|Any CPU
		{29FE91D7-121B-40B9-9B34-20A9DFC3C6CE}.Release|x64.ActiveCfg = Release|Any CPU
		{29FE91D7-121B-40B9-9B34-20A9DFC3C6CE}.Release|x64.Build.0 = Release|Any CPU
		{29FE91D7-121B-40B9-9B34-20A9DFC3C6CE}.Release|x86.ActiveCfg = Release|Any CPU
		{29FE91D7-121B-40B9-9B34-20A9DFC3C6CE}.Release|x86.Build.0 = Release|Any CPU
		{BFE7FE1F-0D02-4D1E-B6CA-0F22A3EEB9B2}.Debug|Any CPU.ActiveCfg = Debug|Any CPU
		{BFE7FE1F-0D02-4D1E-B6CA-0F22A3EEB9B2}.Debug|Any CPU.Build.0 = Debug|Any CPU
		{BFE7FE1F-0D02-4D1E-B6CA-0F22A3EEB9B2}.Debug|x64.ActiveCfg = Debug|Any CPU
		{BFE7FE1F-0D02-4D1E-B6CA-0F22A3EEB9B2}.Debug|x64.Build.0 = Debug|Any CPU
		{BFE7FE1F-0D02-4D1E-B6CA-0F22A3EEB9B2}.Debug|x86.ActiveCfg = Debug|Any CPU
		{BFE7FE1F-0D02-4D1E-B6CA-0F22A3EEB9B2}.Debug|x86.Build.0 = Debug|Any CPU
		{BFE7FE1F-0D02-4D1E-B6CA-0F22A3EEB9B2}.Release|Any CPU.ActiveCfg = Release|Any CPU
		{BFE7FE1F-0D02-4D1E-B6CA-0F22A3EEB9B2}.Release|Any CPU.Build.0 = Release|Any CPU
		{BFE7FE1F-0D02-4D1E-B6CA-0F22A3EEB9B2}.Release|x64.ActiveCfg = Release|Any CPU
		{BFE7FE1F-0D02-4D1E-B6CA-0F22A3EEB9B2}.Release|x64.Build.0 = Release|Any CPU
		{BFE7FE1F-0D02-4D1E-B6CA-0F22A3EEB9B2}.Release|x86.ActiveCfg = Release|Any CPU
		{BFE7FE1F-0D02-4D1E-B6CA-0F22A3EEB9B2}.Release|x86.Build.0 = Release|Any CPU
		{4B15FB9D-60FE-46FA-9875-2FBC74891306}.Debug|Any CPU.ActiveCfg = Debug|Any CPU
		{4B15FB9D-60FE-46FA-9875-2FBC74891306}.Debug|Any CPU.Build.0 = Debug|Any CPU
		{4B15FB9D-60FE-46FA-9875-2FBC74891306}.Debug|x64.ActiveCfg = Debug|Any CPU
		{4B15FB9D-60FE-46FA-9875-2FBC74891306}.Debug|x64.Build.0 = Debug|Any CPU
		{4B15FB9D-60FE-46FA-9875-2FBC74891306}.Debug|x86.ActiveCfg = Debug|Any CPU
		{4B15FB9D-60FE-46FA-9875-2FBC74891306}.Debug|x86.Build.0 = Debug|Any CPU
		{4B15FB9D-60FE-46FA-9875-2FBC74891306}.Release|Any CPU.ActiveCfg = Release|Any CPU
		{4B15FB9D-60FE-46FA-9875-2FBC74891306}.Release|Any CPU.Build.0 = Release|Any CPU
		{4B15FB9D-60FE-46FA-9875-2FBC74891306}.Release|x64.ActiveCfg = Release|Any CPU
		{4B15FB9D-60FE-46FA-9875-2FBC74891306}.Release|x64.Build.0 = Release|Any CPU
		{4B15FB9D-60FE-46FA-9875-2FBC74891306}.Release|x86.ActiveCfg = Release|Any CPU
		{4B15FB9D-60FE-46FA-9875-2FBC74891306}.Release|x86.Build.0 = Release|Any CPU
		{16C89DF5-E6CC-43E7-A227-D9CBA18C0530}.Debug|Any CPU.ActiveCfg = Debug|Any CPU
		{16C89DF5-E6CC-43E7-A227-D9CBA18C0530}.Debug|Any CPU.Build.0 = Debug|Any CPU
		{16C89DF5-E6CC-43E7-A227-D9CBA18C0530}.Debug|x64.ActiveCfg = Debug|Any CPU
		{16C89DF5-E6CC-43E7-A227-D9CBA18C0530}.Debug|x64.Build.0 = Debug|Any CPU
		{16C89DF5-E6CC-43E7-A227-D9CBA18C0530}.Debug|x86.ActiveCfg = Debug|Any CPU
		{16C89DF5-E6CC-43E7-A227-D9CBA18C0530}.Debug|x86.Build.0 = Debug|Any CPU
		{16C89DF5-E6CC-43E7-A227-D9CBA18C0530}.Release|Any CPU.ActiveCfg = Release|Any CPU
		{16C89DF5-E6CC-43E7-A227-D9CBA18C0530}.Release|Any CPU.Build.0 = Release|Any CPU
		{16C89DF5-E6CC-43E7-A227-D9CBA18C0530}.Release|x64.ActiveCfg = Release|Any CPU
		{16C89DF5-E6CC-43E7-A227-D9CBA18C0530}.Release|x64.Build.0 = Release|Any CPU
		{16C89DF5-E6CC-43E7-A227-D9CBA18C0530}.Release|x86.ActiveCfg = Release|Any CPU
		{16C89DF5-E6CC-43E7-A227-D9CBA18C0530}.Release|x86.Build.0 = Release|Any CPU
		{1592AD86-823F-4EDC-8B4F-A59A68AD7D71}.Debug|Any CPU.ActiveCfg = Debug|Any CPU
		{1592AD86-823F-4EDC-8B4F-A59A68AD7D71}.Debug|Any CPU.Build.0 = Debug|Any CPU
		{1592AD86-823F-4EDC-8B4F-A59A68AD7D71}.Debug|x64.ActiveCfg = Debug|Any CPU
		{1592AD86-823F-4EDC-8B4F-A59A68AD7D71}.Debug|x64.Build.0 = Debug|Any CPU
		{1592AD86-823F-4EDC-8B4F-A59A68AD7D71}.Debug|x86.ActiveCfg = Debug|Any CPU
		{1592AD86-823F-4EDC-8B4F-A59A68AD7D71}.Debug|x86.Build.0 = Debug|Any CPU
		{1592AD86-823F-4EDC-8B4F-A59A68AD7D71}.Release|Any CPU.ActiveCfg = Release|Any CPU
		{1592AD86-823F-4EDC-8B4F-A59A68AD7D71}.Release|Any CPU.Build.0 = Release|Any CPU
		{1592AD86-823F-4EDC-8B4F-A59A68AD7D71}.Release|x64.ActiveCfg = Release|Any CPU
		{1592AD86-823F-4EDC-8B4F-A59A68AD7D71}.Release|x64.Build.0 = Release|Any CPU
		{1592AD86-823F-4EDC-8B4F-A59A68AD7D71}.Release|x86.ActiveCfg = Release|Any CPU
		{1592AD86-823F-4EDC-8B4F-A59A68AD7D71}.Release|x86.Build.0 = Release|Any CPU
		{749F57CD-423C-4606-AD9F-A27642D82E3D}.Debug|Any CPU.ActiveCfg = Debug|Any CPU
		{749F57CD-423C-4606-AD9F-A27642D82E3D}.Debug|Any CPU.Build.0 = Debug|Any CPU
		{749F57CD-423C-4606-AD9F-A27642D82E3D}.Debug|x64.ActiveCfg = Debug|Any CPU
		{749F57CD-423C-4606-AD9F-A27642D82E3D}.Debug|x64.Build.0 = Debug|Any CPU
		{749F57CD-423C-4606-AD9F-A27642D82E3D}.Debug|x86.ActiveCfg = Debug|Any CPU
		{749F57CD-423C-4606-AD9F-A27642D82E3D}.Debug|x86.Build.0 = Debug|Any CPU
		{749F57CD-423C-4606-AD9F-A27642D82E3D}.Release|Any CPU.ActiveCfg = Release|Any CPU
		{749F57CD-423C-4606-AD9F-A27642D82E3D}.Release|Any CPU.Build.0 = Release|Any CPU
		{749F57CD-423C-4606-AD9F-A27642D82E3D}.Release|x64.ActiveCfg = Release|Any CPU
		{749F57CD-423C-4606-AD9F-A27642D82E3D}.Release|x64.Build.0 = Release|Any CPU
		{749F57CD-423C-4606-AD9F-A27642D82E3D}.Release|x86.ActiveCfg = Release|Any CPU
		{749F57CD-423C-4606-AD9F-A27642D82E3D}.Release|x86.Build.0 = Release|Any CPU
		{66BBAD9B-EAEF-4BEC-97C7-386F85FF5EF7}.Debug|Any CPU.ActiveCfg = Debug|Any CPU
		{66BBAD9B-EAEF-4BEC-97C7-386F85FF5EF7}.Debug|Any CPU.Build.0 = Debug|Any CPU
		{66BBAD9B-EAEF-4BEC-97C7-386F85FF5EF7}.Debug|x64.ActiveCfg = Debug|Any CPU
		{66BBAD9B-EAEF-4BEC-97C7-386F85FF5EF7}.Debug|x64.Build.0 = Debug|Any CPU
		{66BBAD9B-EAEF-4BEC-97C7-386F85FF5EF7}.Debug|x86.ActiveCfg = Debug|Any CPU
		{66BBAD9B-EAEF-4BEC-97C7-386F85FF5EF7}.Debug|x86.Build.0 = Debug|Any CPU
		{66BBAD9B-EAEF-4BEC-97C7-386F85FF5EF7}.Release|Any CPU.ActiveCfg = Release|Any CPU
		{66BBAD9B-EAEF-4BEC-97C7-386F85FF5EF7}.Release|Any CPU.Build.0 = Release|Any CPU
		{66BBAD9B-EAEF-4BEC-97C7-386F85FF5EF7}.Release|x64.ActiveCfg = Release|Any CPU
		{66BBAD9B-EAEF-4BEC-97C7-386F85FF5EF7}.Release|x64.Build.0 = Release|Any CPU
		{66BBAD9B-EAEF-4BEC-97C7-386F85FF5EF7}.Release|x86.ActiveCfg = Release|Any CPU
		{66BBAD9B-EAEF-4BEC-97C7-386F85FF5EF7}.Release|x86.Build.0 = Release|Any CPU
	EndGlobalSection
	GlobalSection(SolutionProperties) = preSolution
		HideSolutionNode = FALSE
	EndGlobalSection
	GlobalSection(NestedProjects) = preSolution
		{8BF12717-2855-4DDE-81D4-1415ED4D0877} = {38C502FC-5C56-4A93-BC1E-FA39F226EFDA}
		{29FE91D7-121B-40B9-9B34-20A9DFC3C6CE} = {448BC47E-89C8-481E-9442-EB3E8CD3482D}
		{BFE7FE1F-0D02-4D1E-B6CA-0F22A3EEB9B2} = {448BC47E-89C8-481E-9442-EB3E8CD3482D}
		{448BC47E-89C8-481E-9442-EB3E8CD3482D} = {38C502FC-5C56-4A93-BC1E-FA39F226EFDA}
		{4B15FB9D-60FE-46FA-9875-2FBC74891306} = {448BC47E-89C8-481E-9442-EB3E8CD3482D}
		{16C89DF5-E6CC-43E7-A227-D9CBA18C0530} = {448BC47E-89C8-481E-9442-EB3E8CD3482D}
		{1592AD86-823F-4EDC-8B4F-A59A68AD7D71} = {274396EA-703A-4E18-9599-4230B467AA21}
		{749F57CD-423C-4606-AD9F-A27642D82E3D} = {274396EA-703A-4E18-9599-4230B467AA21}
		{66BBAD9B-EAEF-4BEC-97C7-386F85FF5EF7} = {274396EA-703A-4E18-9599-4230B467AA21}
	EndGlobalSection
	GlobalSection(ExtensibilityGlobals) = postSolution
		SolutionGuid = {3B1A1BBC-B6CD-4839-B31C-FBB3487E6A8E}
	EndGlobalSection
EndGlobal
