
Microsoft Visual Studio Solution File, Format Version 12.00
# Visual Studio Version 16
VisualStudioVersion = 16.0.28606.126
MinimumVisualStudioVersion = 10.0.40219.1
Project("{6EC3EE1D-3C4E-46DD-8F32-0CC8E7565705}") = "CellScript.Watcher", "CellScript.Watcher.fsproj", "{B089D536-4AC4-49B9-9F15-F5FBEBBFA427}"
EndProject
Project("{6EC3EE1D-3C4E-46DD-8F32-0CC8E7565705}") = "FcsWatch", "..\..\..\..\..\Github\FCSWatch\src\FcsWatch\FcsWatch.fsproj", "{87FC58E9-CD20-4F4F-BDC9-F7139AD0D53B}"
EndProject
Global
	GlobalSection(SolutionConfigurationPlatforms) = preSolution
		Debug|Any CPU = Debug|Any CPU
		Release|Any CPU = Release|Any CPU
	EndGlobalSection
	GlobalSection(ProjectConfigurationPlatforms) = postSolution
		{B089D536-4AC4-49B9-9F15-F5FBEBBFA427}.Debug|Any CPU.ActiveCfg = Debug|Any CPU
		{B089D536-4AC4-49B9-9F15-F5FBEBBFA427}.Debug|Any CPU.Build.0 = Debug|Any CPU
		{B089D536-4AC4-49B9-9F15-F5FBEBBFA427}.Release|Any CPU.ActiveCfg = Release|Any CPU
		{B089D536-4AC4-49B9-9F15-F5FBEBBFA427}.Release|Any CPU.Build.0 = Release|Any CPU
		{87FC58E9-CD20-4F4F-BDC9-F7139AD0D53B}.Debug|Any CPU.ActiveCfg = Debug|Any CPU
		{87FC58E9-CD20-4F4F-BDC9-F7139AD0D53B}.Debug|Any CPU.Build.0 = Debug|Any CPU
		{87FC58E9-CD20-4F4F-BDC9-F7139AD0D53B}.Release|Any CPU.ActiveCfg = Release|Any CPU
		{87FC58E9-CD20-4F4F-BDC9-F7139AD0D53B}.Release|Any CPU.Build.0 = Release|Any CPU
	EndGlobalSection
	GlobalSection(SolutionProperties) = preSolution
		HideSolutionNode = FALSE
	EndGlobalSection
	GlobalSection(ExtensibilityGlobals) = postSolution
		SolutionGuid = {6CDE97B4-9721-4FDB-8E6D-21191F0780A3}
	EndGlobalSection
EndGlobal
